{
  "version": "5",
  "specifiers": {
    "jsr:@fresh/build-id@1": "1.0.1",
    "jsr:@fresh/core@2": "2.3.3",
    "jsr:@std/assert@1": "1.0.19",
    "jsr:@std/dotenv@0.225": "0.225.7",
    "jsr:@std/encoding@^1.0.10": "1.0.11",
    "jsr:@std/fmt@^1.0.8": "1.0.10",
    "jsr:@std/fs@^1.0.19": "1.0.24",
    "jsr:@std/html@^1.0.5": "1.0.7",
    "jsr:@std/http@^1.0.21": "1.1.2",
    "jsr:@std/internal@^1.0.12": "1.0.14",
    "jsr:@std/internal@^1.0.14": "1.0.14",
    "jsr:@std/net@^1.0.6": "1.0.6",
    "jsr:@std/path@^1.1.2": "1.1.6",
    "jsr:@std/path@^1.1.5": "1.1.6",
    "npm:@opentelemetry/api@^1.9.0": "1.9.1",
    "npm:@preact/signals@^2.5.1": "2.9.2_preact@10.29.4",
    "npm:discordeno@21.0.0": "21.0.0",
    "npm:preact-render-to-string@^6.6.3": "6.7.0_preact@10.29.4",
    "npm:preact@^10.29.1": "10.29.4",
    "npm:twitter-api-v2@1.29.0": "1.29.0"
  },
  "jsr": {
    "@fresh/build-id@1.0.1": {
      "integrity": "12a2ec25fd52ae9ec68c26848a5696cd1c9b537f7c983c7e56e4fb1e7e816c20",
      "dependencies": [
        "jsr:@std/encoding"
      ]
    },
    "@fresh/core@2.3.3": {
      "integrity": "6c2aad199976644352c89a1d601f3ef331b1d24cdadb53ed469324a303598383",
      "dependencies": [
        "jsr:@fresh/build-id",
        "jsr:@std/fmt",
        "jsr:@std/fs",
        "jsr:@std/html",
        "jsr:@std/http",
        "jsr:@std/net",
        "jsr:@std/path@^1.1.2",
        "npm:@opentelemetry/api",
        "npm:@preact/signals",
        "npm:preact",
        "npm:preact-render-to-string"
      ]
    },
    "@std/assert@1.0.19": {
      "integrity": "eaada96ee120cb980bc47e040f82814d786fe8162ecc53c91d8df60b8755991e",
      "dependencies": [
        "jsr:@std/internal@^1.0.12"
      ]
    },
    "@std/dotenv@0.225.7": {
      "integrity": "11d8db03ca4ad5aba9eba809f2e8058b2a4f320b7b09fea4b360e162928329e3"
    },
    "@std/encoding@1.0.11": {
      "integrity": "e7cef2f0b3153bccc17431e7c864a1de03a4b6d9647389c43e08aaa775d37385"
    },
    "@std/fmt@1.0.10": {
      "integrity": "90dfba288802ac6de82fb31d0917eb9e4450b9925b954d5e51fc29ac07419db5"
    },
    "@std/fs@1.0.24": {
      "integrity": "f3061b45b81673a2bece689da041df32d174be064c89eb6397fb5718d3fb7877",
      "dependencies": [
        "jsr:@std/path@^1.1.5"
      ]
    },
    "@std/html@1.0.7": {
      "integrity": "175c818905a6e75743c69c251395e273d82698e58cfe7dd76268d70e28b8d8fe"
    },
    "@std/http@1.1.2": {
      "integrity": "1c0473590d5e5b75b30b2be4833c08047dd799aeea35624fd34ec58d67fc9240"
    },
    "@std/internal@1.0.14": {
      "integrity": "291516b3d4c35024d6ffbc0a9df5bf4c64116e05b50012cf846710152d2ffdf7"
    },
    "@std/net@1.0.6": {
      "integrity": "110735f93e95bb9feb95790a8b1d1bf69ec0dc74f3f97a00a76ea5efea25500c"
    },
    "@std/path@1.1.6": {
      "integrity": "c68485c2a4dfbb5ae3cc74fae4e8c4e5d874cf8a8ed12927917235c758b46cbe",
      "dependencies": [
        "jsr:@std/internal@^1.0.14"
      ]
    }
  },
  "npm": {
    "@discordeno/bot@21.0.0": {
      "integrity": "sha512-x6EcVHBvWIhjY5/lcwgZzzCiqdpKFZqu2qUaZqKb7RYS8L8Q8zY40hCnbToVehLB8+BGcnHzxCeEvWWg8tnT/g==",
      "dependencies": [
        "@discordeno/gateway",
        "@discordeno/rest",
        "@discordeno/types",
        "@discordeno/utils"
      ]
    },
    "@discordeno/gateway@21.0.0": {
      "integrity": "sha512-ur5Hatd1x86PPI4UnXKghAWat3vS90NvLJcpOSu1B1gYSENRZow8dohZ8Ov58SXWq5nZVuBYDJNCR248pWJvrg==",
      "dependencies": [
        "@discordeno/types",
        "@discordeno/utils",
        "ws"
      ],
      "optionalDependencies": [
        "fzstd"
      ]
    },
    "@discordeno/rest@21.0.0": {
      "integrity": "sha512-ew5ddhUd7Qyv/GSzCy42bEmRv0yr2PspCMsLD/NeMiTLd3+OrVN5pAxBN9z+9JpS/daiiD/PVmvuUAVx/nXTEw==",
      "dependencies": [
        "@discordeno/types",
        "@discordeno/utils"
      ]
    },
    "@discordeno/types@21.0.0": {
      "integrity": "sha512-TUZAEqqlXRNQji+NCaQo8DruzI8rXbBvMaZYsZvN9f03PrdSddzMOy3cjs4eeL6ZMVocmMVRIaVnB713blylCw=="
    },
    "@discordeno/utils@21.0.0": {
      "integrity": "sha512-I7I3Szlk+LkT/CRmJJiLPsjuBUjbuXUCvOzsgWCltkxDMIGmQeNoQtFK7t89V1Gcc4icsrnHVMho1BcaAITijg==",
      "dependencies": [
        "@discordeno/types"
      ]
    },
    "@opentelemetry/api@1.9.1": {
      "integrity": "sha512-gLyJlPHPZYdAk1JENA9LeHejZe1Ti77/pTeFm/nMXmQH/HFZlcS/O2XJB+L8fkbrNSqhdtlvjBVjxwUYanNH5Q=="
    },
    "@preact/signals-core@1.14.3": {
      "integrity": "sha512-m0K3vnbSLC5rHs2ZVfeAMvBtT1zIyq4mxx5OlNncSgMj5Iz6W5Rn3kPrDxAC+iIKmiVe0lSl6U37t5ZkEWoVAw=="
    },
    "@preact/signals@2.9.2_preact@10.29.4": {
      "integrity": "sha512-DvFPISNMSh3vPqRwPa1tAVAHl85aDq4pTyNu1bTGfrKr64F3EOCHjdUl9aUdohKBf1v9PRGLYuGFcJpfztkdoQ==",
      "dependencies": [
        "@preact/signals-core",
        "preact"
      ]
    },
    "discordeno@21.0.0": {
      "integrity": "sha512-NX1x5GtHbrNhpeahfHw+2A6/3bpec2obNjIZ/mkBUGWcpLWG/ZgJSIkkdQIxcrnQ3loQooo/5IpBucnFTiGATA==",
      "dependencies": [
        "@discordeno/bot",
        "@discordeno/gateway",
        "@discordeno/rest",
        "@discordeno/types",
        "@discordeno/utils"
      ]
    },
    "fzstd@0.1.1": {
      "integrity": "sha512-dkuVSOKKwh3eas5VkJy1AW1vFpet8TA/fGmVA5krThl8YcOVE/8ZIoEA1+U1vEn5ckxxhLirSdY837azmbaNHA=="
    },
    "preact-render-to-string@6.7.0_preact@10.29.4": {
      "integrity": "sha512-Z4WR8fmLMRpdYqJ9i7vrlXSsSrxVJydwrkEXHapexfARbWfGb7vGcnvNQnIzN0cXciMVOlz/XLoiMCi9gUsy9Q==",
      "dependencies": [
        "preact"
      ]
    },
    "preact@10.29.4": {
      "integrity": "sha512-GMpwh9+NJ8tSmqwIaVyFRQkiKfBEzQ+k7r7tle4W+kaJ+7wJiB9hFz9BixAomMtenPPSBfM4bZhXozGxhf0uFQ=="
    },
    "twitter-api-v2@1.29.0": {
      "integrity": "sha512-v473q5bwme4N+DWSg6qY+JCvfg1nSJRWwui3HUALafxfqCvVkKiYmS/5x/pVeJwTmyeBxexMbzHwnzrH4h6oYQ=="
    },
    "ws@8.21.0": {
      "integrity": "sha512-Vsp28b7DRcimFQvrqu2Wek3z1iYxDCWqHYB8Qsnk/S4RfaCQzPGPyBNuVjJV3cd6UiKtUtp6sNM77gWvzcCH+g=="
    }
  },
  "workspace": {
    "dependencies": [
      "jsr:@fresh/core@2",
      "jsr:@std/assert@1",
      "jsr:@std/dotenv@0.225",
      "npm:discordeno@21.0.0",
      "npm:twitter-api-v2@1.29.0"
    ]
  }
}
